
Microsoft Visual Studio Solution File, Format Version 12.00
# Visual Studio 15
VisualStudioVersion = 15.0.28307.902
MinimumVisualStudioVersion = 10.0.40219.1
Project("{FAE04EC0-301F-11D3-BF4B-00C04F79EFBC}") = "Container", "Container\Container.csproj", "{43B31735-E887-4CF6-AE31-85CD4184BB3E}"
EndProject
Global
	GlobalSection(SolutionConfigurationPlatforms) = preSolution
		Debug|Any CPU = Debug|Any CPU
		Release|Any CPU = Release|Any CPU
	EndGlobalSection
	GlobalSection(ProjectConfigurationPlatforms) = postSolution
		{43B31735-E887-4CF6-AE31-85CD4184BB3E}.Debug|Any CPU.ActiveCfg = Debug|Any CPU
		{43B31735-E887-4CF6-AE31-85CD4184BB3E}.Debug|Any CPU.Build.0 = Debug|Any CPU
		{43B31735-E887-4CF6-AE31-85CD4184BB3E}.Release|Any CPU.ActiveCfg = Release|Any CPU
		{43B31735-E887-4CF6-AE31-85CD4184BB3E}.Release|Any CPU.Build.0 = Release|Any CPU
	EndGlobalSection
	GlobalSection(SolutionProperties) = preSolution
		HideSolutionNode = FALSE
	EndGlobalSection
	GlobalSection(ExtensibilityGlobals) = postSolution
		SolutionGuid = {D4E1F7BB-64A2-4F07-8C80-2F4CF334CE56}
	EndGlobalSection
EndGlobal
